{
  "name": "meg.js",
  "version": "0.1.0",
  "lockfileVersion": 3,
  "requires": true,
  "packages": {
    "": {
      "name": "meg.js",
      "version": "0.1.0",
      "license": "MIT",
      "dependencies": {
        "meg.js": "file:"
      }
    },
    "node_modules/meg.js": {
      "resolved": "",
      "link": true
    }
  }
}
